github.com/funny/slab v0.0.0-20180511031532-b1fad5e5d478 h1:Db9StoJ6RZN3YttC0Pm0I4Y5izITRYch3RMbT59BYN0=
github.com/funny/slab v0.0.0-20180511031532-b1fad5e5d478/go.mod h1:0j1+svBH8ABEIPdUP0AIg4qedsybnXGJBakCEw8cfoo=
github.com/funny/utest v0.0.0-20161029064919-43870a374500 h1:Z0r1CZnoIWFB/Uiwh1BU5FYmuFe6L5NPi6XWQEmsTRg=
github.com/funny/utest v0.0.0-20161029064919-43870a374500/go.mod h1:mUn39tBov9jKnTWV1RlOYoNzxdBFHiSzXWdY1FoNGGg=
github.com/go-olive/tv v0.0.0-20220416082730-a1338c694e3b h1:2jl2iMerXwkTg1Gt+wotPie40J1huSEQHv5M9Q3131A=
github.com/go-olive/tv v0.0.0-20220416082730-a1338c694e3b/go.mod h1:oXoxUookxDbZPxsZXu2FAtEGzberMnfbLd7MRuUaW4M=
golang.org/x/net v0.0.0-20220412020605-290c469a71a5 h1:bRb386wvrE+oBNdF1d/Xh9mQrfQ4ecYhW5qJ5GvTGT4=
golang.org/x/net v0.0.0-20220412020605-290c469a71a5/go.mod h1:CfG3xpIq0wQ8r1q4Su4UZFWDARRcnwPjda9FqA0JpMk=
